
Microsoft Visual Studio Solution File, Format Version 12.00
# Visual Studio 15
VisualStudioVersion = 15.0.27004.2005
MinimumVisualStudioVersion = 10.0.40219.1
Project("{FAE04EC0-301F-11D3-BF4B-00C04F79EFBC}") = "SkillsTrackerAPI", "SkillsTrackerAPI\SkillsTrackerAPI.csproj", "{1BC193D3-2BC8-4574-8064-63F4699C547A}"
EndProject
Project("{FAE04EC0-301F-11D3-BF4B-00C04F79EFBC}") = "SkillTrackerDataAccessLayer", "SkillTrackerDataAccess\SkillTrackerDataAccessLayer.csproj", "{D24510DC-4BEA-44F0-B722-A8D59641433A}"
EndProject
Project("{FAE04EC0-301F-11D3-BF4B-00C04F79EFBC}") = "SkillsTrackerBusinessLayer", "SkillsTrackerBusinessLayer\SkillsTrackerBusinessLayer.csproj", "{32DD4137-58CB-455E-BB6D-BCBB82647417}"
EndProject
Global
	GlobalSection(SolutionConfigurationPlatforms) = preSolution
		Debug|Any CPU = Debug|Any CPU
		Release|Any CPU = Release|Any CPU
	EndGlobalSection
	GlobalSection(ProjectConfigurationPlatforms) = postSolution
		{1BC193D3-2BC8-4574-8064-63F4699C547A}.Debug|Any CPU.ActiveCfg = Debug|Any CPU
		{1BC193D3-2BC8-4574-8064-63F4699C547A}.Debug|Any CPU.Build.0 = Debug|Any CPU
		{1BC193D3-2BC8-4574-8064-63F4699C547A}.Release|Any CPU.ActiveCfg = Release|Any CPU
		{1BC193D3-2BC8-4574-8064-63F4699C547A}.Release|Any CPU.Build.0 = Release|Any CPU
		{D24510DC-4BEA-44F0-B722-A8D59641433A}.Debug|Any CPU.ActiveCfg = Debug|Any CPU
		{D24510DC-4BEA-44F0-B722-A8D59641433A}.Debug|Any CPU.Build.0 = Debug|Any CPU
		{D24510DC-4BEA-44F0-B722-A8D59641433A}.Release|Any CPU.ActiveCfg = Release|Any CPU
		{D24510DC-4BEA-44F0-B722-A8D59641433A}.Release|Any CPU.Build.0 = Release|Any CPU
		{32DD4137-58CB-455E-BB6D-BCBB82647417}.Debug|Any CPU.ActiveCfg = Debug|Any CPU
		{32DD4137-58CB-455E-BB6D-BCBB82647417}.Debug|Any CPU.Build.0 = Debug|Any CPU
		{32DD4137-58CB-455E-BB6D-BCBB82647417}.Release|Any CPU.ActiveCfg = Release|Any CPU
		{32DD4137-58CB-455E-BB6D-BCBB82647417}.Release|Any CPU.Build.0 = Release|Any CPU
	EndGlobalSection
	GlobalSection(SolutionProperties) = preSolution
		HideSolutionNode = FALSE
	EndGlobalSection
	GlobalSection(ExtensibilityGlobals) = postSolution
		SolutionGuid = {80CA614B-C894-4B36-BE08-2DE7BC62AE39}
	EndGlobalSection
EndGlobal
